
Microsoft Visual Studio Solution File, Format Version 11.00
# Visual Studio 2010
Project("{FAE04EC0-301F-11D3-BF4B-00C04F79EFBC}") = "Assembly-CSharp", "Assembly-CSharp.csproj", "{467b31a5-a0b7-5458-5ddc-be482c628160}"
EndProject
Project("{FAE04EC0-301F-11D3-BF4B-00C04F79EFBC}") = "Assembly-CSharp-Editor", "Assembly-CSharp-Editor.csproj", "{fd6c8e4c-c397-7840-a44f-d4b5392de715}"
EndProject
Global
	GlobalSection(SolutionConfigurationPlatforms) = preSolution
		Debug|Any CPU = Debug|Any CPU
	EndGlobalSection
	GlobalSection(ProjectConfigurationPlatforms) = postSolution
		{467b31a5-a0b7-5458-5ddc-be482c628160}.Debug|Any CPU.ActiveCfg = Debug|Any CPU
		{467b31a5-a0b7-5458-5ddc-be482c628160}.Debug|Any CPU.Build.0 = Debug|Any CPU
		{fd6c8e4c-c397-7840-a44f-d4b5392de715}.Debug|Any CPU.ActiveCfg = Debug|Any CPU
		{fd6c8e4c-c397-7840-a44f-d4b5392de715}.Debug|Any CPU.Build.0 = Debug|Any CPU
	EndGlobalSection
	GlobalSection(SolutionProperties) = preSolution
		HideSolutionNode = FALSE
	EndGlobalSection
EndGlobal
